
Microsoft Visual Studio Solution File, Format Version 12.00
# Visual Studio 14
VisualStudioVersion = 14.0.22823.1
MinimumVisualStudioVersion = 10.0.40219.1
Project("{FAE04EC0-301F-11D3-BF4B-00C04F79EFBC}") = "Akka.Persistence.Sqlite", "Akka.Persistence.Sqlite\Akka.Persistence.Sqlite.csproj", "{79D84114-81B9-4D15-B135-71112DEFAA93}"
EndProject
Project("{FAE04EC0-301F-11D3-BF4B-00C04F79EFBC}") = "Akka.Persistence.Sqlite.Tests", "Akka.Persistence.Sqlite.Tests\Akka.Persistence.Sqlite.Tests.csproj", "{ED5C2F7E-73B0-491A-851A-FD243CE9A394}"
EndProject
Project("{2150E333-8FDC-42A3-9474-1A3956D46DE8}") = "build", "build", "{F04ABFAE-91A2-46CD-811A-FF388E9B3284}"
	ProjectSection(SolutionItems) = preProject
		..\build.cmd = ..\build.cmd
		..\build.fsx = ..\build.fsx
		..\build.sh = ..\build.sh
	EndProjectSection
EndProject
Global
	GlobalSection(SolutionConfigurationPlatforms) = preSolution
		Debug|Any CPU = Debug|Any CPU
		Release|Any CPU = Release|Any CPU
	EndGlobalSection
	GlobalSection(ProjectConfigurationPlatforms) = postSolution
		{79D84114-81B9-4D15-B135-71112DEFAA93}.Debug|Any CPU.ActiveCfg = Debug|Any CPU
		{79D84114-81B9-4D15-B135-71112DEFAA93}.Debug|Any CPU.Build.0 = Debug|Any CPU
		{79D84114-81B9-4D15-B135-71112DEFAA93}.Release|Any CPU.ActiveCfg = Release|Any CPU
		{79D84114-81B9-4D15-B135-71112DEFAA93}.Release|Any CPU.Build.0 = Release|Any CPU
		{ED5C2F7E-73B0-491A-851A-FD243CE9A394}.Debug|Any CPU.ActiveCfg = Debug|Any CPU
		{ED5C2F7E-73B0-491A-851A-FD243CE9A394}.Debug|Any CPU.Build.0 = Debug|Any CPU
		{ED5C2F7E-73B0-491A-851A-FD243CE9A394}.Release|Any CPU.ActiveCfg = Release|Any CPU
		{ED5C2F7E-73B0-491A-851A-FD243CE9A394}.Release|Any CPU.Build.0 = Release|Any CPU
	EndGlobalSection
	GlobalSection(SolutionProperties) = preSolution
		HideSolutionNode = FALSE
	EndGlobalSection
EndGlobal
